# THIS IS AN AUTOGENERATED FILE. DO NOT EDIT THIS FILE DIRECTLY.
# yarn lockfile v1


"@antfu/install-pkg@^0.4.0":
  version "0.4.1"
  resolved "https://registry.yarnpkg.com/@antfu/install-pkg/-/install-pkg-0.4.1.tgz#d1d7f3be96ecdb41581629cafe8626d1748c0cf1"
  integrity sha512-T7yB5QNG29afhWVkVq7XeIMBa5U/vs9mX69YqayXypPRmYzUmzwnYltplHmPtZ4HPCn+sQKeXW8I47wCbuBOjw==
  dependencies:
    package-manager-detector "^0.2.0"
    tinyexec "^0.3.0"

"@antfu/utils@^0.7.10":
  version "0.7.10"
  resolved "https://registry.yarnpkg.com/@antfu/utils/-/utils-0.7.10.tgz#ae829f170158e297a9b6a28f161a8e487d00814d"
  integrity sha512-+562v9k4aI80m1+VuMHehNJWLOFjBnXn3tdOitzD0il5b7smkSBal4+a3oKiQTbrwMmN/TBUMDvbdoWDehgOww==

"@braintree/sanitize-url@^7.0.1":
  version "7.1.0"
  resolved "https://registry.yarnpkg.com/@braintree/sanitize-url/-/sanitize-url-7.1.0.tgz#048e48aab4f1460e3121e22aa62459d16653dc85"
  integrity sha512-o+UlMLt49RvtCASlOMW0AkHnabN9wR9rwCCherxO0yG4Npy34GkvrAqdXQvrhNs+jh+gkK8gB8Lf05qL/O7KWg==

"@chevrotain/cst-dts-gen@11.0.3":
  version "11.0.3"
  resolved "https://registry.yarnpkg.com/@chevrotain/cst-dts-gen/-/cst-dts-gen-11.0.3.tgz#5e0863cc57dc45e204ccfee6303225d15d9d4783"
  integrity sha512-BvIKpRLeS/8UbfxXxgC33xOumsacaeCKAjAeLyOn7Pcp95HiRbrpl14S+9vaZLolnbssPIUuiUd8IvgkRyt6NQ==
  dependencies:
    "@chevrotain/gast" "11.0.3"
    "@chevrotain/types" "11.0.3"
    lodash-es "4.17.21"

"@chevrotain/gast@11.0.3":
  version "11.0.3"
  resolved "https://registry.yarnpkg.com/@chevrotain/gast/-/gast-11.0.3.tgz#e84d8880323fe8cbe792ef69ce3ffd43a936e818"
  integrity sha512-+qNfcoNk70PyS/uxmj3li5NiECO+2YKZZQMbmjTqRI3Qchu8Hig/Q9vgkHpI3alNjr7M+a2St5pw5w5F6NL5/Q==
  dependencies:
    "@chevrotain/types" "11.0.3"
    lodash-es "4.17.21"

"@chevrotain/regexp-to-ast@11.0.3":
  version "11.0.3"
  resolved "https://registry.yarnpkg.com/@chevrotain/regexp-to-ast/-/regexp-to-ast-11.0.3.tgz#11429a81c74a8e6a829271ce02fc66166d56dcdb"
  integrity sha512-1fMHaBZxLFvWI067AVbGJav1eRY7N8DDvYCTwGBiE/ytKBgP8azTdgyrKyWZ9Mfh09eHWb5PgTSO8wi7U824RA==

"@chevrotain/types@11.0.3":
  version "11.0.3"
  resolved "https://registry.yarnpkg.com/@chevrotain/types/-/types-11.0.3.tgz#f8a03914f7b937f594f56eb89312b3b8f1c91848"
  integrity sha512-gsiM3G8b58kZC2HaWR50gu6Y1440cHiJ+i3JUvcp/35JchYejb2+5MVeJK0iKThYpAa/P2PYFV4hoi44HD+aHQ==

"@chevrotain/utils@11.0.3":
  version "11.0.3"
  resolved "https://registry.yarnpkg.com/@chevrotain/utils/-/utils-11.0.3.tgz#e39999307b102cff3645ec4f5b3665f5297a2224"
  integrity sha512-YslZMgtJUyuMbZ+aKvfF3x1f5liK4mWNxghFRv7jqRR9C3R3fAOGTTKvxXDa2Y1s9zSbcpuO0cAxDYsc9SrXoQ==

"@github/auto-check-element@^5.2.0":
  version "5.2.0"
  resolved "https://registry.yarnpkg.com/@github/auto-check-element/-/auto-check-element-5.2.0.tgz#293c2240cb3098e7e6ca10c801e4df76d644f6f9"
  integrity sha512-YODZZUSeoZVJQ04p73MAohrEK37SJlVRDUTaFiPYse9K3z3bNEm+ekq5qYCIyDKGgX7hUhr3WZF35qHxr/zu0Q==
  dependencies:
    "@github/mini-throttle" "^1.0.7"

"@github/auto-complete-element@^3.3.4":
  version "3.3.4"
  resolved "https://registry.yarnpkg.com/@github/auto-complete-element/-/auto-complete-element-3.3.4.tgz#b762f13342b8ea5e03609f75b5a8d417080355eb"
  integrity sha512-b9SBCLIQGfCI3G0pGYE8rBSUDON5iFKUgHXgAtVdgZii0dnLFxNl5tn1R/RaBEFdzBQPDl9vqu41TF/Hs3w8FA==
  dependencies:
    "@github/combobox-nav" "^2.0.2"

"@github/catalyst@^1.6.0":
  version "1.6.0"
  resolved "https://registry.yarnpkg.com/@github/catalyst/-/catalyst-1.6.0.tgz#378734d1d2b6a85af169d7e66c1a2a604bf1e82c"
  integrity sha512-u8A+DameixqpeyHzvnJWTGj+wfiskQOYHzSiJscCWVfMkIT3rxnbHMtGh3lMthaRY21nbUOK71WcsCnCrXhBJQ==

"@github/clipboard-copy-element@^1.1.2":
  version "1.1.2"
  resolved "https://registry.yarnpkg.com/@github/clipboard-copy-element/-/clipboard-copy-element-1.1.2.tgz#7a6e8042749471504d4e7cfcc47097a781db2bdb"
  integrity sha512-L6CMrcA5we0udafvoSuRCE/Ci/3xrLWKYRGup2IlhxF771bQYsQ2EB1of182pI8ZWM4oxgwzu37+igMeoZjN/A==

"@github/combobox-nav@^2.0.2":
  version "2.1.5"
  resolved "https://registry.yarnpkg.com/@github/combobox-nav/-/combobox-nav-2.1.5.tgz#905598cc681e016eddfcd8adcb39e4d81c907577"
  integrity sha512-dmG1PuppNKHnBBEcfylWDwj9SSxd/E/qd8mC1G/klQC3s7ps5q6JZ034mwkkG0LKfI+Y+UgEua/ROD776N400w==

"@github/details-menu-element@^1.0.12":
  version "1.0.13"
  resolved "https://registry.yarnpkg.com/@github/details-menu-element/-/details-menu-element-1.0.13.tgz#d62263077b16bc7edc386e7b23f0ce41af1301b4"
  integrity sha512-gMkii86w/oUP5dq8yOWZn1sgbgtFj3AYETxxtpsqRggZktgd8te4+npAn4Hm+936c/lxmEzXqfjARL/CzGR4+w==

"@github/image-crop-element@^5.0.0":
  version "5.0.0"
  resolved "https://registry.yarnpkg.com/@github/image-crop-element/-/image-crop-element-5.0.0.tgz#6ae2c31f1e7dc355c41c3140554fb76ca7a71ef7"
  integrity sha512-Vgm2OwWAs1ESoib/t5sjxsAYo6YTOxxAjWDRxswX7qrqoyCejTZ3hshdo4Ep5e+Mz/GVTZC3rdMtg06dk/eT4g==

"@github/mini-throttle@^1.0.7":
  version "1.0.7"
  resolved "https://registry.yarnpkg.com/@github/mini-throttle/-/mini-throttle-1.0.7.tgz#938d6eb45d00d07043a669baabfcafa072833f10"
  integrity sha512-1fzCDXpxI4J59pNmO0r0Y1g+R8Sa2B5ersce8AuFu5STMu7b++9osdedK0zWduYowBIgsPQZihJBN19WrAF64g==

"@github/mini-throttle@^2.1.0":
  version "2.1.0"
  resolved "https://registry.yarnpkg.com/@github/mini-throttle/-/mini-throttle-2.1.0.tgz#583a1d5e383caa21a1c067a649f15f7ab575dccf"
  integrity sha512-iEeR2OdVCPkdIPUszL8gJnKNu4MR8ANh7y0u/LPyaatYezgaWxUZEzhFntloqQq+HE6MZkFy+cl+xzCNuljOdw==

"@github/relative-time-element@^4.0.0":
  version "4.1.5"
  resolved "https://registry.yarnpkg.com/@github/relative-time-element/-/relative-time-element-4.1.5.tgz#4eaa3707568696661eae1dbe1d134fa2ffde1121"
  integrity sha512-WAf1EQV5Sn6jGuAIQur/ztKlEV9R+VHDNwqEbeaOb6s9fiwM5z7+ujlWNZtgFkDp3lF0H8D/f0vdiPlfHz0ZTQ==

"@github/tab-container-element@^3.1.2":
  version "3.2.0"
  resolved "https://registry.yarnpkg.com/@github/tab-container-element/-/tab-container-element-3.2.0.tgz#d2d33da09ee3d7f4245a9f77479fe4969b137ae5"
  integrity sha512-to5ZJuywKK3KX53X1ifOcWjvUTQcBGdQ6Qkhm8L97xQ3ovICag1048M3YMpc+QSdr8xWeCBMnLeMnENqotB0Og==

"@iconify/types@^2.0.0":
  version "2.0.0"
  resolved "https://registry.yarnpkg.com/@iconify/types/-/types-2.0.0.tgz#ab0e9ea681d6c8a1214f30cd741fe3a20cc57f57"
  integrity sha512-+wluvCrRhXrhyOmRDJ3q8mux9JkKy5SJ/v8ol2tu4FVjyYvtEzkc/3pK15ET6RKg4b4w4BmTk1+gsCUhf21Ykg==

"@iconify/utils@^2.1.32":
  version "2.1.33"
  resolved "https://registry.yarnpkg.com/@iconify/utils/-/utils-2.1.33.tgz#cbf7242a52fd0ec58c42d37d28e4406b5327e8c0"
  integrity sha512-jP9h6v/g0BIZx0p7XGJJVtkVnydtbgTgt9mVNcGDYwaa7UhdHdI9dvoq+gKj9sijMSJKxUPEG2JyjsgXjxL7Kw==
  dependencies:
    "@antfu/install-pkg" "^0.4.0"
    "@antfu/utils" "^0.7.10"
    "@iconify/types" "^2.0.0"
    debug "^4.3.6"
    kolorist "^1.8.0"
    local-pkg "^0.5.0"
    mlly "^1.7.1"

"@mermaid-js/parser@^0.3.0":
  version "0.3.0"
  resolved "https://registry.yarnpkg.com/@mermaid-js/parser/-/parser-0.3.0.tgz#7a28714599f692f93df130b299fa1aadc9f9c8ab"
  integrity sha512-HsvL6zgE5sUPGgkIDlmAWR1HTNHz2Iy11BAWPTa4Jjabkpguy4Ze2gzfLrg6pdRuBvFwgUYyxiaNqZwrEEXepA==
  dependencies:
    langium "3.0.0"

"@primer/behaviors@^1.2.0":
  version "1.3.1"
  resolved "https://registry.yarnpkg.com/@primer/behaviors/-/behaviors-1.3.1.tgz#febae28e5f7824f1fa547389b3ff8563e171da58"
  integrity sha512-aMRDUQ350lk0FxtL5gJWPFHHOSSzDbJ6uNJVIt8XSqiGe1pxuW5mVVfrEp1uvzZ0pCHkCdm9fycjnfOeMeIrOQ==

"@primer/css@^20.8.0":
  version "20.8.0"
  resolved "https://registry.yarnpkg.com/@primer/css/-/css-20.8.0.tgz#feed33f1d7c254fe73005036076b8dcc811ab831"
  integrity sha512-ybrROX5Qaurqidl4QlSC7AwZ1fTKODlQQDkncOXzHoFM0xe2aMH4zvGXz79Cz2W1sdJ4kpa8dsGqfkkcXbjalQ==
  dependencies:
    "@primer/primitives" "^7.9.0"
    "@primer/view-components" "^0.0.115"

"@primer/primitives@^7.9.0":
  version "7.10.0"
  resolved "https://registry.yarnpkg.com/@primer/primitives/-/primitives-7.10.0.tgz#de0d9648d484184442583564f02d6600b872fa5f"
  integrity sha512-DdLHq21e93R9qDHyRuRpytBLY0Up9IwNWMOUgPNW6lRSng4N4+IdUlLS3Ekbasmxfs8Z8vKS8aezeYovQ5qsxQ==

"@primer/view-components@^0.0.115":
  version "0.0.115"
  resolved "https://registry.yarnpkg.com/@primer/view-components/-/view-components-0.0.115.tgz#79f36c14327742c6eac1b73ff2eb3bb5206984fa"
  integrity sha512-Qo6vNE0/UK6azsu9wTpb9AneHpM2FkA/saZ6UB1kvRttD5M0d/xto8sqq6b45QkKukqIlS4MhzyyvLIvC6rI1g==
  dependencies:
    "@github/auto-check-element" "^5.2.0"
    "@github/auto-complete-element" "^3.3.4"
    "@github/catalyst" "^1.6.0"
    "@github/clipboard-copy-element" "^1.1.2"
    "@github/details-menu-element" "^1.0.12"
    "@github/image-crop-element" "^5.0.0"
    "@github/mini-throttle" "^2.1.0"
    "@github/relative-time-element" "^4.0.0"
    "@github/tab-container-element" "^3.1.2"
    "@primer/behaviors" "^1.2.0"

"@types/d3-array@*":
  version "3.2.1"
  resolved "https://registry.yarnpkg.com/@types/d3-array/-/d3-array-3.2.1.tgz#1f6658e3d2006c4fceac53fde464166859f8b8c5"
  integrity sha512-Y2Jn2idRrLzUfAKV2LyRImR+y4oa2AntrgID95SHJxuMUrkNXmanDSed71sRNZysveJVt1hLLemQZIady0FpEg==

"@types/d3-axis@*":
  version "3.0.6"
  resolved "https://registry.yarnpkg.com/@types/d3-axis/-/d3-axis-3.0.6.tgz#e760e5765b8188b1defa32bc8bb6062f81e4c795"
  integrity sha512-pYeijfZuBd87T0hGn0FO1vQ/cgLk6E1ALJjfkC0oJ8cbwkZl3TpgS8bVBLZN+2jjGgg38epgxb2zmoGtSfvgMw==
  dependencies:
    "@types/d3-selection" "*"

"@types/d3-brush@*":
  version "3.0.6"
  resolved "https://registry.yarnpkg.com/@types/d3-brush/-/d3-brush-3.0.6.tgz#c2f4362b045d472e1b186cdbec329ba52bdaee6c"
  integrity sha512-nH60IZNNxEcrh6L1ZSMNA28rj27ut/2ZmI3r96Zd+1jrZD++zD3LsMIjWlvg4AYrHn/Pqz4CF3veCxGjtbqt7A==
  dependencies:
    "@types/d3-selection" "*"

"@types/d3-chord@*":
  version "3.0.6"
  resolved "https://registry.yarnpkg.com/@types/d3-chord/-/d3-chord-3.0.6.tgz#1706ca40cf7ea59a0add8f4456efff8f8775793d"
  integrity sha512-LFYWWd8nwfwEmTZG9PfQxd17HbNPksHBiJHaKuY1XeqscXacsS2tyoo6OdRsjf+NQYeB6XrNL3a25E3gH69lcg==

"@types/d3-color@*":
  version "3.1.3"
  resolved "https://registry.yarnpkg.com/@types/d3-color/-/d3-color-3.1.3.tgz#368c961a18de721da8200e80bf3943fb53136af2"
  integrity sha512-iO90scth9WAbmgv7ogoq57O9YpKmFBbmoEoCHDB2xMBY0+/KVrqAaCDyCE16dUspeOvIxFFRI+0sEtqDqy2b4A==

"@types/d3-contour@*":
  version "3.0.6"
  resolved "https://registry.yarnpkg.com/@types/d3-contour/-/d3-contour-3.0.6.tgz#9ada3fa9c4d00e3a5093fed0356c7ab929604231"
  integrity sha512-BjzLgXGnCWjUSYGfH1cpdo41/hgdWETu4YxpezoztawmqsvCeep+8QGfiY6YbDvfgHz/DkjeIkkZVJavB4a3rg==
  dependencies:
    "@types/d3-array" "*"
    "@types/geojson" "*"

"@types/d3-delaunay@*":
  version "6.0.4"
  resolved "https://registry.yarnpkg.com/@types/d3-delaunay/-/d3-delaunay-6.0.4.tgz#185c1a80cc807fdda2a3fe960f7c11c4a27952e1"
  integrity sha512-ZMaSKu4THYCU6sV64Lhg6qjf1orxBthaC161plr5KuPHo3CNm8DTHiLw/5Eq2b6TsNP0W0iJrUOFscY6Q450Hw==

"@types/d3-dispatch@*":
  version "3.0.6"
  resolved "https://registry.yarnpkg.com/@types/d3-dispatch/-/d3-dispatch-3.0.6.tgz#096efdf55eb97480e3f5621ff9a8da552f0961e7"
  integrity sha512-4fvZhzMeeuBJYZXRXrRIQnvUYfyXwYmLsdiN7XXmVNQKKw1cM8a5WdID0g1hVFZDqT9ZqZEY5pD44p24VS7iZQ==

"@types/d3-drag@*":
  version "3.0.7"
  resolved "https://registry.yarnpkg.com/@types/d3-drag/-/d3-drag-3.0.7.tgz#b13aba8b2442b4068c9a9e6d1d82f8bcea77fc02"
  integrity sha512-HE3jVKlzU9AaMazNufooRJ5ZpWmLIoc90A37WU2JMmeq28w1FQqCZswHZ3xR+SuxYftzHq6WU6KJHvqxKzTxxQ==
  dependencies:
    "@types/d3-selection" "*"

"@types/d3-dsv@*":
  version "3.0.7"
  resolved "https://registry.yarnpkg.com/@types/d3-dsv/-/d3-dsv-3.0.7.tgz#0a351f996dc99b37f4fa58b492c2d1c04e3dac17"
  integrity sha512-n6QBF9/+XASqcKK6waudgL0pf/S5XHPPI8APyMLLUHd8NqouBGLsU8MgtO7NINGtPBtk9Kko/W4ea0oAspwh9g==

"@types/d3-ease@*":
  version "3.0.2"
  resolved "https://registry.yarnpkg.com/@types/d3-ease/-/d3-ease-3.0.2.tgz#e28db1bfbfa617076f7770dd1d9a48eaa3b6c51b"
  integrity sha512-NcV1JjO5oDzoK26oMzbILE6HW7uVXOHLQvHshBUW4UMdZGfiY6v5BeQwh9a9tCzv+CeefZQHJt5SRgK154RtiA==

"@types/d3-fetch@*":
  version "3.0.7"
  resolved "https://registry.yarnpkg.com/@types/d3-fetch/-/d3-fetch-3.0.7.tgz#c04a2b4f23181aa376f30af0283dbc7b3b569980"
  integrity sha512-fTAfNmxSb9SOWNB9IoG5c8Hg6R+AzUHDRlsXsDZsNp6sxAEOP0tkP3gKkNSO/qmHPoBFTxNrjDprVHDQDvo5aA==
  dependencies:
    "@types/d3-dsv" "*"

"@types/d3-force@*":
  version "3.0.10"
  resolved "https://registry.yarnpkg.com/@types/d3-force/-/d3-force-3.0.10.tgz#6dc8fc6e1f35704f3b057090beeeb7ac674bff1a"
  integrity sha512-ZYeSaCF3p73RdOKcjj+swRlZfnYpK1EbaDiYICEEp5Q6sUiqFaFQ9qgoshp5CzIyyb/yD09kD9o2zEltCexlgw==

"@types/d3-format@*":
  version "3.0.4"
  resolved "https://registry.yarnpkg.com/@types/d3-format/-/d3-format-3.0.4.tgz#b1e4465644ddb3fdf3a263febb240a6cd616de90"
  integrity sha512-fALi2aI6shfg7vM5KiR1wNJnZ7r6UuggVqtDA+xiEdPZQwy/trcQaHnwShLuLdta2rTymCNpxYTiMZX/e09F4g==

"@types/d3-geo@*":
  version "3.1.0"
  resolved "https://registry.yarnpkg.com/@types/d3-geo/-/d3-geo-3.1.0.tgz#b9e56a079449174f0a2c8684a9a4df3f60522440"
  integrity sha512-856sckF0oP/diXtS4jNsiQw/UuK5fQG8l/a9VVLeSouf1/PPbBE1i1W852zVwKwYCBkFJJB7nCFTbk6UMEXBOQ==
  dependencies:
    "@types/geojson" "*"

"@types/d3-hierarchy@*":
  version "3.1.7"
  resolved "https://registry.yarnpkg.com/@types/d3-hierarchy/-/d3-hierarchy-3.1.7.tgz#6023fb3b2d463229f2d680f9ac4b47466f71f17b"
  integrity sha512-tJFtNoYBtRtkNysX1Xq4sxtjK8YgoWUNpIiUee0/jHGRwqvzYxkq0hGVbbOGSz+JgFxxRu4K8nb3YpG3CMARtg==

"@types/d3-interpolate@*":
  version "3.0.4"
  resolved "https://registry.yarnpkg.com/@types/d3-interpolate/-/d3-interpolate-3.0.4.tgz#412b90e84870285f2ff8a846c6eb60344f12a41c"
  integrity sha512-mgLPETlrpVV1YRJIglr4Ez47g7Yxjl1lj7YKsiMCb27VJH9W8NVM6Bb9d8kkpG/uAQS5AmbA48q2IAolKKo1MA==
  dependencies:
    "@types/d3-color" "*"

"@types/d3-path@*":
  version "3.1.0"
  resolved "https://registry.yarnpkg.com/@types/d3-path/-/d3-path-3.1.0.tgz#2b907adce762a78e98828f0b438eaca339ae410a"
  integrity sha512-P2dlU/q51fkOc/Gfl3Ul9kicV7l+ra934qBFXCFhrZMOL6du1TM0pm1ThYvENukyOn5h9v+yMJ9Fn5JK4QozrQ==

"@types/d3-polygon@*":
  version "3.0.2"
  resolved "https://registry.yarnpkg.com/@types/d3-polygon/-/d3-polygon-3.0.2.tgz#dfae54a6d35d19e76ac9565bcb32a8e54693189c"
  integrity sha512-ZuWOtMaHCkN9xoeEMr1ubW2nGWsp4nIql+OPQRstu4ypeZ+zk3YKqQT0CXVe/PYqrKpZAi+J9mTs05TKwjXSRA==

"@types/d3-quadtree@*":
  version "3.0.6"
  resolved "https://registry.yarnpkg.com/@types/d3-quadtree/-/d3-quadtree-3.0.6.tgz#d4740b0fe35b1c58b66e1488f4e7ed02952f570f"
  integrity sha512-oUzyO1/Zm6rsxKRHA1vH0NEDG58HrT5icx/azi9MF1TWdtttWl0UIUsjEQBBh+SIkrpd21ZjEv7ptxWys1ncsg==

"@types/d3-random@*":
  version "3.0.3"
  resolved "https://registry.yarnpkg.com/@types/d3-random/-/d3-random-3.0.3.tgz#ed995c71ecb15e0cd31e22d9d5d23942e3300cfb"
  integrity sha512-Imagg1vJ3y76Y2ea0871wpabqp613+8/r0mCLEBfdtqC7xMSfj9idOnmBYyMoULfHePJyxMAw3nWhJxzc+LFwQ==

"@types/d3-scale-chromatic@*":
  version "3.0.3"
  resolved "https://registry.yarnpkg.com/@types/d3-scale-chromatic/-/d3-scale-chromatic-3.0.3.tgz#fc0db9c10e789c351f4c42d96f31f2e4df8f5644"
  integrity sha512-laXM4+1o5ImZv3RpFAsTRn3TEkzqkytiOY0Dz0sq5cnd1dtNlk6sHLon4OvqaiJb28T0S/TdsBI3Sjsy+keJrw==

"@types/d3-scale@*":
  version "4.0.8"
  resolved "https://registry.yarnpkg.com/@types/d3-scale/-/d3-scale-4.0.8.tgz#d409b5f9dcf63074464bf8ddfb8ee5a1f95945bb"
  integrity sha512-gkK1VVTr5iNiYJ7vWDI+yUFFlszhNMtVeneJ6lUTKPjprsvLLI9/tgEGiXJOnlINJA8FyA88gfnQsHbybVZrYQ==
  dependencies:
    "@types/d3-time" "*"

"@types/d3-selection@*":
  version "3.0.11"
  resolved "https://registry.yarnpkg.com/@types/d3-selection/-/d3-selection-3.0.11.tgz#bd7a45fc0a8c3167a631675e61bc2ca2b058d4a3"
  integrity sha512-bhAXu23DJWsrI45xafYpkQ4NtcKMwWnAC/vKrd2l+nxMFuvOT3XMYTIj2opv8vq8AO5Yh7Qac/nSeP/3zjTK0w==

"@types/d3-shape@*":
  version "3.1.6"
  resolved "https://registry.yarnpkg.com/@types/d3-shape/-/d3-shape-3.1.6.tgz#65d40d5a548f0a023821773e39012805e6e31a72"
  integrity sha512-5KKk5aKGu2I+O6SONMYSNflgiP0WfZIQvVUMan50wHsLG1G94JlxEVnCpQARfTtzytuY0p/9PXXZb3I7giofIA==
  dependencies:
    "@types/d3-path" "*"

"@types/d3-time-format@*":
  version "4.0.3"
  resolved "https://registry.yarnpkg.com/@types/d3-time-format/-/d3-time-format-4.0.3.tgz#d6bc1e6b6a7db69cccfbbdd4c34b70632d9e9db2"
  integrity sha512-5xg9rC+wWL8kdDj153qZcsJ0FWiFt0J5RB6LYUNZjwSnesfblqrI/bJ1wBdJ8OQfncgbJG5+2F+qfqnqyzYxyg==

"@types/d3-time@*":
  version "3.0.3"
  resolved "https://registry.yarnpkg.com/@types/d3-time/-/d3-time-3.0.3.tgz#3c186bbd9d12b9d84253b6be6487ca56b54f88be"
  integrity sha512-2p6olUZ4w3s+07q3Tm2dbiMZy5pCDfYwtLXXHUnVzXgQlZ/OyPtUz6OL382BkOuGlLXqfT+wqv8Fw2v8/0geBw==

"@types/d3-timer@*":
  version "3.0.2"
  resolved "https://registry.yarnpkg.com/@types/d3-timer/-/d3-timer-3.0.2.tgz#70bbda77dc23aa727413e22e214afa3f0e852f70"
  integrity sha512-Ps3T8E8dZDam6fUyNiMkekK3XUsaUEik+idO9/YjPtfj2qruF8tFBXS7XhtE4iIXBLxhmLjP3SXpLhVf21I9Lw==

"@types/d3-transition@*":
  version "3.0.9"
  resolved "https://registry.yarnpkg.com/@types/d3-transition/-/d3-transition-3.0.9.tgz#1136bc57e9ddb3c390dccc9b5ff3b7d2b8d94706"
  integrity sha512-uZS5shfxzO3rGlu0cC3bjmMFKsXv+SmZZcgp0KD22ts4uGXp5EVYGzu/0YdwZeKmddhcAccYtREJKkPfXkZuCg==
  dependencies:
    "@types/d3-selection" "*"

"@types/d3-zoom@*":
  version "3.0.8"
  resolved "https://registry.yarnpkg.com/@types/d3-zoom/-/d3-zoom-3.0.8.tgz#dccb32d1c56b1e1c6e0f1180d994896f038bc40b"
  integrity sha512-iqMC4/YlFCSlO8+2Ii1GGGliCAY4XdeG748w5vQUbevlbDu0zSjH/+jojorQVBK/se0j6DUFNPBGSqD3YWYnDw==
  dependencies:
    "@types/d3-interpolate" "*"
    "@types/d3-selection" "*"

"@types/d3@^7.4.3":
  version "7.4.3"
  resolved "https://registry.yarnpkg.com/@types/d3/-/d3-7.4.3.tgz#d4550a85d08f4978faf0a4c36b848c61eaac07e2"
  integrity sha512-lZXZ9ckh5R8uiFVt8ogUNf+pIrK4EsWrx2Np75WvF/eTpJ0FMHNhjXk8CKEx/+gpHbNQyJWehbFaTvqmHWB3ww==
  dependencies:
    "@types/d3-array" "*"
    "@types/d3-axis" "*"
    "@types/d3-brush" "*"
    "@types/d3-chord" "*"
    "@types/d3-color" "*"
    "@types/d3-contour" "*"
    "@types/d3-delaunay" "*"
    "@types/d3-dispatch" "*"
    "@types/d3-drag" "*"
    "@types/d3-dsv" "*"
    "@types/d3-ease" "*"
    "@types/d3-fetch" "*"
    "@types/d3-force" "*"
    "@types/d3-format" "*"
    "@types/d3-geo" "*"
    "@types/d3-hierarchy" "*"
    "@types/d3-interpolate" "*"
    "@types/d3-path" "*"
    "@types/d3-polygon" "*"
    "@types/d3-quadtree" "*"
    "@types/d3-random" "*"
    "@types/d3-scale" "*"
    "@types/d3-scale-chromatic" "*"
    "@types/d3-selection" "*"
    "@types/d3-shape" "*"
    "@types/d3-time" "*"
    "@types/d3-time-format" "*"
    "@types/d3-timer" "*"
    "@types/d3-transition" "*"
    "@types/d3-zoom" "*"

"@types/dompurify@^3.0.5":
  version "3.0.5"
  resolved "https://registry.yarnpkg.com/@types/dompurify/-/dompurify-3.0.5.tgz#02069a2fcb89a163bacf1a788f73cb415dd75cb7"
  integrity sha512-1Wg0g3BtQF7sSb27fJQAKck1HECM6zV1EB66j8JH9i3LCjYabJa0FSdiSgsD5K/RbrsR0SiraKacLB+T8ZVYAg==
  dependencies:
    "@types/trusted-types" "*"

"@types/geojson@*":
  version "7946.0.14"
  resolved "https://registry.yarnpkg.com/@types/geojson/-/geojson-7946.0.14.tgz#319b63ad6df705ee2a65a73ef042c8271e696613"
  integrity sha512-WCfD5Ht3ZesJUsONdhvm84dmzWOiOzOAqOncN0++w0lBw1o8OuDNJF2McvvCef/yBqb/HYRahp1BYtODFQ8bRg==

"@types/trusted-types@*":
  version "2.0.7"
  resolved "https://registry.yarnpkg.com/@types/trusted-types/-/trusted-types-2.0.7.tgz#baccb07a970b91707df3a3e8ba6896c57ead2d11"
  integrity sha512-ScaPdn1dQczgbl0QFTeTOmVHFULt394XJgOQNoyVhZ6r2vLnMLJfBPd53SB52T/3G36VI1/g2MZaX0cwDuXsfw==

ace-builds@^1.33:
  version "1.33.0"
  resolved "https://registry.yarnpkg.com/ace-builds/-/ace-builds-1.33.0.tgz#3b6fb993a4b1d3f2b5923aecded098e13e6527d8"
  integrity sha512-PDvytkZNvAfuh+PaP5Oy3l3sBGd7xMk4NsB+4w/w1e3gjBqEOGeJwcX+wF/SB6mLtT3VfJLrhDNPT3eaCjtR3w==

acorn@^8.12.1:
  version "8.14.0"
  resolved "https://registry.yarnpkg.com/acorn/-/acorn-8.14.0.tgz#063e2c70cac5fb4f6467f0b11152e04c682795b0"
  integrity sha512-cl669nCJTZBsL97OF4kUQm5g5hC2uihk0NxY3WENAC0TYdILVkAyHymAntgxGkl7K+t0cXIrH5siy5S4XkFycA==

chevrotain-allstar@~0.3.0:
  version "0.3.1"
  resolved "https://registry.yarnpkg.com/chevrotain-allstar/-/chevrotain-allstar-0.3.1.tgz#b7412755f5d83cc139ab65810cdb00d8db40e6ca"
  integrity sha512-b7g+y9A0v4mxCW1qUhf3BSVPg+/NvGErk/dOkrDaHA0nQIQGAtrOjlX//9OQtRlSCy+x9rfB5N8yC71lH1nvMw==
  dependencies:
    lodash-es "^4.17.21"

chevrotain@~11.0.3:
  version "11.0.3"
  resolved "https://registry.yarnpkg.com/chevrotain/-/chevrotain-11.0.3.tgz#88ffc1fb4b5739c715807eaeedbbf200e202fc1b"
  integrity sha512-ci2iJH6LeIkvP9eJW6gpueU8cnZhv85ELY8w8WiFtNjMHA5ad6pQLaJo9mEly/9qUyCpvqX8/POVUTf18/HFdw==
  dependencies:
    "@chevrotain/cst-dts-gen" "11.0.3"
    "@chevrotain/gast" "11.0.3"
    "@chevrotain/regexp-to-ast" "11.0.3"
    "@chevrotain/types" "11.0.3"
    "@chevrotain/utils" "11.0.3"
    lodash-es "4.17.21"

commander@7:
  version "7.2.0"
  resolved "https://registry.yarnpkg.com/commander/-/commander-7.2.0.tgz#a36cb57d0b501ce108e4d20559a150a391d97ab7"
  integrity sha512-QrWXB+ZQSVPmIWIhtEO9H+gwHaMGYiF5ChvoJ+K9ZGHG/sVsa6yiesAD1GC/x46sET00Xlwo1u49RVVVzvcSkw==

commander@^8.3.0:
  version "8.3.0"
  resolved "https://registry.yarnpkg.com/commander/-/commander-8.3.0.tgz#4837ea1b2da67b9c616a67afbb0fafee567bca66"
  integrity sha512-OkTL9umf+He2DZkUq8f8J9of7yL6RJKI24dVITBmNfZBmri9zYZQrKkuXiKhyfPSu8tUhnVBB1iKXevvnlR4Ww==

confbox@^0.1.8:
  version "0.1.8"
  resolved "https://registry.yarnpkg.com/confbox/-/confbox-0.1.8.tgz#820d73d3b3c82d9bd910652c5d4d599ef8ff8b06"
  integrity sha512-RMtmw0iFkeR4YV+fUOSucriAQNb9g8zFR52MWCtl+cCZOFRNL6zeB395vPzFhEjjn4fMxXudmELnl/KF/WrK6w==

cose-base@^1.0.0:
  version "1.0.3"
  resolved "https://registry.yarnpkg.com/cose-base/-/cose-base-1.0.3.tgz#650334b41b869578a543358b80cda7e0abe0a60a"
  integrity sha512-s9whTXInMSgAp/NVXVNuVxVKzGH2qck3aQlVHxDCdAEPgtMKwc4Wq6/QKhgdEdgbLSi9rBTAcPoRa6JpiG4ksg==
  dependencies:
    layout-base "^1.0.0"

cose-base@^2.2.0:
  version "2.2.0"
  resolved "https://registry.yarnpkg.com/cose-base/-/cose-base-2.2.0.tgz#1c395c35b6e10bb83f9769ca8b817d614add5c01"
  integrity sha512-AzlgcsCbUMymkADOJtQm3wO9S3ltPfYOFD5033keQn9NJzIbtnZj+UdBJe7DYml/8TdbtHJW3j58SOnKhWY/5g==
  dependencies:
    layout-base "^2.0.0"

cytoscape-cose-bilkent@^4.1.0:
  version "4.1.0"
  resolved "https://registry.yarnpkg.com/cytoscape-cose-bilkent/-/cytoscape-cose-bilkent-4.1.0.tgz#762fa121df9930ffeb51a495d87917c570ac209b"
  integrity sha512-wgQlVIUJF13Quxiv5e1gstZ08rnZj2XaLHGoFMYXz7SkNfCDOOteKBE6SYRfA9WxxI/iBc3ajfDoc6hb/MRAHQ==
  dependencies:
    cose-base "^1.0.0"

cytoscape-fcose@^2.2.0:
  version "2.2.0"
  resolved "https://registry.yarnpkg.com/cytoscape-fcose/-/cytoscape-fcose-2.2.0.tgz#e4d6f6490df4fab58ae9cea9e5c3ab8d7472f471"
  integrity sha512-ki1/VuRIHFCzxWNrsshHYPs6L7TvLu3DL+TyIGEsRcvVERmxokbf5Gdk7mFxZnTdiGtnA4cfSmjZJMviqSuZrQ==
  dependencies:
    cose-base "^2.2.0"

cytoscape@^3.29.2:
  version "3.30.3"
  resolved "https://registry.yarnpkg.com/cytoscape/-/cytoscape-3.30.3.tgz#1b2726bbfa6673f643488a81147354841c252352"
  integrity sha512-HncJ9gGJbVtw7YXtIs3+6YAFSSiKsom0amWc33Z7QbylbY2JGMrA0yz4EwrdTScZxnwclXeEZHzO5pxoy0ZE4g==

"d3-array@1 - 2":
  version "2.12.1"
  resolved "https://registry.yarnpkg.com/d3-array/-/d3-array-2.12.1.tgz#e20b41aafcdffdf5d50928004ececf815a465e81"
  integrity sha512-B0ErZK/66mHtEsR1TkPEEkwdy+WDesimkM5gpZr5Dsg54BiTA5RXtYW5qTLIAcekaS9xfZrzBLF/OAkB3Qn1YQ==
  dependencies:
    internmap "^1.0.0"

"d3-array@2 - 3", "d3-array@2.10.0 - 3", "d3-array@2.5.0 - 3", d3-array@3, d3-array@^3.2.0:
  version "3.2.2"
  resolved "https://registry.yarnpkg.com/d3-array/-/d3-array-3.2.2.tgz#f8ac4705c5b06914a7e0025bbf8d5f1513f6a86e"
  integrity sha512-yEEyEAbDrF8C6Ob2myOBLjwBLck1Z89jMGFee0oPsn95GqjerpaOA4ch+vc2l0FNFFwMD5N7OCSEN5eAlsUbgQ==
  dependencies:
    internmap "1 - 2"

d3-axis@3:
  version "3.0.0"
  resolved "https://registry.yarnpkg.com/d3-axis/-/d3-axis-3.0.0.tgz#c42a4a13e8131d637b745fc2973824cfeaf93322"
  integrity sha512-IH5tgjV4jE/GhHkRV0HiVYPDtvfjHQlQfJHs0usq7M30XcSBvOotpmH1IgkcXsO/5gEQZD43B//fc7SRT5S+xw==

d3-brush@3:
  version "3.0.0"
  resolved "https://registry.yarnpkg.com/d3-brush/-/d3-brush-3.0.0.tgz#6f767c4ed8dcb79de7ede3e1c0f89e63ef64d31c"
  integrity sha512-ALnjWlVYkXsVIGlOsuWH1+3udkYFI48Ljihfnh8FZPF2QS9o+PzGLBslO0PjzVoHLZ2KCVgAM8NVkXPJB2aNnQ==
  dependencies:
    d3-dispatch "1 - 3"
    d3-drag "2 - 3"
    d3-interpolate "1 - 3"
    d3-selection "3"
    d3-transition "3"

d3-chord@3:
  version "3.0.1"
  resolved "https://registry.yarnpkg.com/d3-chord/-/d3-chord-3.0.1.tgz#d156d61f485fce8327e6abf339cb41d8cbba6966"
  integrity sha512-VE5S6TNa+j8msksl7HwjxMHDM2yNK3XCkusIlpX5kwauBfXuyLAtNg9jCp/iHH61tgI4sb6R/EIMWCqEIdjT/g==
  dependencies:
    d3-path "1 - 3"

"d3-color@1 - 3", d3-color@3:
  version "3.1.0"
  resolved "https://registry.yarnpkg.com/d3-color/-/d3-color-3.1.0.tgz#395b2833dfac71507f12ac2f7af23bf819de24e2"
  integrity sha512-zg/chbXyeBtMQ1LbD/WSoW2DpC3I0mpmPdW+ynRTj/x2DAWYrIY7qeZIHidozwV24m4iavr15lNwIwLxRmOxhA==

d3-contour@4:
  version "4.0.2"
  resolved "https://registry.yarnpkg.com/d3-contour/-/d3-contour-4.0.2.tgz#bb92063bc8c5663acb2422f99c73cbb6c6ae3bcc"
  integrity sha512-4EzFTRIikzs47RGmdxbeUvLWtGedDUNkTcmzoeyg4sP/dvCexO47AaQL7VKy/gul85TOxw+IBgA8US2xwbToNA==
  dependencies:
    d3-array "^3.2.0"

d3-delaunay@6:
  version "6.0.2"
  resolved "https://registry.yarnpkg.com/d3-delaunay/-/d3-delaunay-6.0.2.tgz#7fd3717ad0eade2fc9939f4260acfb503f984e92"
  integrity sha512-IMLNldruDQScrcfT+MWnazhHbDJhcRJyOEBAJfwQnHle1RPh6WDuLvxNArUju2VSMSUuKlY5BGHRJ2cYyoFLQQ==
  dependencies:
    delaunator "5"

"d3-dispatch@1 - 3", d3-dispatch@3:
  version "3.0.1"
  resolved "https://registry.yarnpkg.com/d3-dispatch/-/d3-dispatch-3.0.1.tgz#5fc75284e9c2375c36c839411a0cf550cbfc4d5e"
  integrity sha512-rzUyPU/S7rwUflMyLc1ETDeBj0NRuHKKAcvukozwhshr6g6c5d8zh4c2gQjY2bZ0dXeGLWc1PF174P2tVvKhfg==

"d3-drag@2 - 3", d3-drag@3:
  version "3.0.0"
  resolved "https://registry.yarnpkg.com/d3-drag/-/d3-drag-3.0.0.tgz#994aae9cd23c719f53b5e10e3a0a6108c69607ba"
  integrity sha512-pWbUJLdETVA8lQNJecMxoXfH6x+mO2UQo8rSmZ+QqxcbyA3hfeprFgIT//HW2nlHChWeIIMwS2Fq+gEARkhTkg==
  dependencies:
    d3-dispatch "1 - 3"
    d3-selection "3"

"d3-dsv@1 - 3", d3-dsv@3:
  version "3.0.1"
  resolved "https://registry.yarnpkg.com/d3-dsv/-/d3-dsv-3.0.1.tgz#c63af978f4d6a0d084a52a673922be2160789b73"
  integrity sha512-UG6OvdI5afDIFP9w4G0mNq50dSOsXHJaRE8arAS5o9ApWnIElp8GZw1Dun8vP8OyHOZ/QJUKUJwxiiCCnUwm+Q==
  dependencies:
    commander "7"
    iconv-lite "0.6"
    rw "1"

"d3-ease@1 - 3", d3-ease@3:
  version "3.0.1"
  resolved "https://registry.yarnpkg.com/d3-ease/-/d3-ease-3.0.1.tgz#9658ac38a2140d59d346160f1f6c30fda0bd12f4"
  integrity sha512-wR/XK3D3XcLIZwpbvQwQ5fK+8Ykds1ip7A2Txe0yxncXSdq1L9skcG7blcedkOX+ZcgxGAmLX1FrRGbADwzi0w==

d3-fetch@3:
  version "3.0.1"
  resolved "https://registry.yarnpkg.com/d3-fetch/-/d3-fetch-3.0.1.tgz#83141bff9856a0edb5e38de89cdcfe63d0a60a22"
  integrity sha512-kpkQIM20n3oLVBKGg6oHrUchHM3xODkTzjMoj7aWQFq5QEM+R6E4WkzT5+tojDY7yjez8KgCBRoj4aEr99Fdqw==
  dependencies:
    d3-dsv "1 - 3"

d3-force@3:
  version "3.0.0"
  resolved "https://registry.yarnpkg.com/d3-force/-/d3-force-3.0.0.tgz#3e2ba1a61e70888fe3d9194e30d6d14eece155c4"
  integrity sha512-zxV/SsA+U4yte8051P4ECydjD/S+qeYtnaIyAs9tgHCqfguma/aAQDjo85A9Z6EKhBirHRJHXIgJUlffT4wdLg==
  dependencies:
    d3-dispatch "1 - 3"
    d3-quadtree "1 - 3"
    d3-timer "1 - 3"

"d3-format@1 - 3", d3-format@3:
  version "3.1.0"
  resolved "https://registry.yarnpkg.com/d3-format/-/d3-format-3.1.0.tgz#9260e23a28ea5cb109e93b21a06e24e2ebd55641"
  integrity sha512-YyUI6AEuY/Wpt8KWLgZHsIU86atmikuoOmCfommt0LYHiQSPjvX2AcFc38PX0CBpr2RCyZhjex+NS/LPOv6YqA==

d3-geo@3:
  version "3.1.0"
  resolved "https://registry.yarnpkg.com/d3-geo/-/d3-geo-3.1.0.tgz#74fd54e1f4cebd5185ac2039217a98d39b0a4c0e"
  integrity sha512-JEo5HxXDdDYXCaWdwLRt79y7giK8SbhZJbFWXqbRTolCHFI5jRqteLzCsq51NKbUoX0PjBVSohxrx+NoOUujYA==
  dependencies:
    d3-array "2.5.0 - 3"

d3-hierarchy@3:
  version "3.1.2"
  resolved "https://registry.yarnpkg.com/d3-hierarchy/-/d3-hierarchy-3.1.2.tgz#b01cd42c1eed3d46db77a5966cf726f8c09160c6"
  integrity sha512-FX/9frcub54beBdugHjDCdikxThEqjnR93Qt7PvQTOHxyiNCAlvMrHhclk3cD5VeAaq9fxmfRp+CnWw9rEMBuA==

"d3-interpolate@1 - 3", "d3-interpolate@1.2.0 - 3", d3-interpolate@3:
  version "3.0.1"
  resolved "https://registry.yarnpkg.com/d3-interpolate/-/d3-interpolate-3.0.1.tgz#3c47aa5b32c5b3dfb56ef3fd4342078a632b400d"
  integrity sha512-3bYs1rOD33uo8aqJfKP3JWPAibgw8Zm2+L9vBKEHJ2Rg+viTR7o5Mmv5mZcieN+FRYaAOWX5SJATX6k1PWz72g==
  dependencies:
    d3-color "1 - 3"

d3-path@1:
  version "1.0.9"
  resolved "https://registry.yarnpkg.com/d3-path/-/d3-path-1.0.9.tgz#48c050bb1fe8c262493a8caf5524e3e9591701cf"
  integrity sha512-VLaYcn81dtHVTjEHd8B+pbe9yHWpXKZUC87PzoFmsFrJqgFwDe/qxfp5MlfsfM1V5E/iVt0MmEbWQ7FVIXh/bg==

"d3-path@1 - 3", d3-path@3, d3-path@^3.1.0:
  version "3.1.0"
  resolved "https://registry.yarnpkg.com/d3-path/-/d3-path-3.1.0.tgz#22df939032fb5a71ae8b1800d61ddb7851c42526"
  integrity sha512-p3KP5HCf/bvjBSSKuXid6Zqijx7wIfNW+J/maPs+iwR35at5JCbLUT0LzF1cnjbCHWhqzQTIN2Jpe8pRebIEFQ==

d3-polygon@3:
  version "3.0.1"
  resolved "https://registry.yarnpkg.com/d3-polygon/-/d3-polygon-3.0.1.tgz#0b45d3dd1c48a29c8e057e6135693ec80bf16398"
  integrity sha512-3vbA7vXYwfe1SYhED++fPUQlWSYTTGmFmQiany/gdbiWgU/iEyQzyymwL9SkJjFFuCS4902BSzewVGsHHmHtXg==

"d3-quadtree@1 - 3", d3-quadtree@3:
  version "3.0.1"
  resolved "https://registry.yarnpkg.com/d3-quadtree/-/d3-quadtree-3.0.1.tgz#6dca3e8be2b393c9a9d514dabbd80a92deef1a4f"
  integrity sha512-04xDrxQTDTCFwP5H6hRhsRcb9xxv2RzkcsygFzmkSIOJy3PeRJP7sNk3VRIbKXcog561P9oU0/rVH6vDROAgUw==

d3-random@3:
  version "3.0.1"
  resolved "https://registry.yarnpkg.com/d3-random/-/d3-random-3.0.1.tgz#d4926378d333d9c0bfd1e6fa0194d30aebaa20f4"
  integrity sha512-FXMe9GfxTxqd5D6jFsQ+DJ8BJS4E/fT5mqqdjovykEB2oFbTMDVdg1MGFxfQW+FBOGoB++k8swBrgwSHT1cUXQ==

d3-sankey@^0.12.3:
  version "0.12.3"
  resolved "https://registry.yarnpkg.com/d3-sankey/-/d3-sankey-0.12.3.tgz#b3c268627bd72e5d80336e8de6acbfec9d15d01d"
  integrity sha512-nQhsBRmM19Ax5xEIPLMY9ZmJ/cDvd1BG3UVvt5h3WRxKg5zGRbvnteTyWAbzeSvlh3tW7ZEmq4VwR5mB3tutmQ==
  dependencies:
    d3-array "1 - 2"
    d3-shape "^1.2.0"

d3-scale-chromatic@3:
  version "3.0.0"
  resolved "https://registry.yarnpkg.com/d3-scale-chromatic/-/d3-scale-chromatic-3.0.0.tgz#15b4ceb8ca2bb0dcb6d1a641ee03d59c3b62376a"
  integrity sha512-Lx9thtxAKrO2Pq6OO2Ua474opeziKr279P/TKZsMAhYyNDD3EnCffdbgeSYN5O7m2ByQsxtuP2CSDczNUIZ22g==
  dependencies:
    d3-color "1 - 3"
    d3-interpolate "1 - 3"

d3-scale@4:
  version "4.0.2"
  resolved "https://registry.yarnpkg.com/d3-scale/-/d3-scale-4.0.2.tgz#82b38e8e8ff7080764f8dcec77bd4be393689396"
  integrity sha512-GZW464g1SH7ag3Y7hXjf8RoUuAFIqklOAq3MRl4OaWabTFJY9PN/E1YklhXLh+OQ3fM9yS2nOkCoS+WLZ6kvxQ==
  dependencies:
    d3-array "2.10.0 - 3"
    d3-format "1 - 3"
    d3-interpolate "1.2.0 - 3"
    d3-time "2.1.1 - 3"
    d3-time-format "2 - 4"

"d3-selection@2 - 3", d3-selection@3:
  version "3.0.0"
  resolved "https://registry.yarnpkg.com/d3-selection/-/d3-selection-3.0.0.tgz#c25338207efa72cc5b9bd1458a1a41901f1e1b31"
  integrity sha512-fmTRWbNMmsmWq6xJV8D19U/gw/bwrHfNXxrIN+HfZgnzqTHp9jOmKMhsTUjXOJnZOdZY9Q28y4yebKzqDKlxlQ==

d3-shape@3:
  version "3.2.0"
  resolved "https://registry.yarnpkg.com/d3-shape/-/d3-shape-3.2.0.tgz#a1a839cbd9ba45f28674c69d7f855bcf91dfc6a5"
  integrity sha512-SaLBuwGm3MOViRq2ABk3eLoxwZELpH6zhl3FbAoJ7Vm1gofKx6El1Ib5z23NUEhF9AsGl7y+dzLe5Cw2AArGTA==
  dependencies:
    d3-path "^3.1.0"

d3-shape@^1.2.0:
  version "1.3.7"
  resolved "https://registry.yarnpkg.com/d3-shape/-/d3-shape-1.3.7.tgz#df63801be07bc986bc54f63789b4fe502992b5d7"
  integrity sha512-EUkvKjqPFUAZyOlhY5gzCxCeI0Aep04LwIRpsZ/mLFelJiUfnK56jo5JMDSE7yyP2kLSb6LtF+S5chMk7uqPqw==
  dependencies:
    d3-path "1"

"d3-time-format@2 - 4", d3-time-format@4:
  version "4.1.0"
  resolved "https://registry.yarnpkg.com/d3-time-format/-/d3-time-format-4.1.0.tgz#7ab5257a5041d11ecb4fe70a5c7d16a195bb408a"
  integrity sha512-dJxPBlzC7NugB2PDLwo9Q8JiTR3M3e4/XANkreKSUxF8vvXKqm1Yfq4Q5dl8budlunRVlUUaDUgFt7eA8D6NLg==
  dependencies:
    d3-time "1 - 3"

"d3-time@1 - 3", "d3-time@2.1.1 - 3", d3-time@3:
  version "3.1.0"
  resolved "https://registry.yarnpkg.com/d3-time/-/d3-time-3.1.0.tgz#9310db56e992e3c0175e1ef385e545e48a9bb5c7"
  integrity sha512-VqKjzBLejbSMT4IgbmVgDjpkYrNWUYJnbCGo874u7MMKIWsILRX+OpX/gTk8MqjpT1A/c6HY2dCA77ZN0lkQ2Q==
  dependencies:
    d3-array "2 - 3"

"d3-timer@1 - 3", d3-timer@3:
  version "3.0.1"
  resolved "https://registry.yarnpkg.com/d3-timer/-/d3-timer-3.0.1.tgz#6284d2a2708285b1abb7e201eda4380af35e63b0"
  integrity sha512-ndfJ/JxxMd3nw31uyKoY2naivF+r29V+Lc0svZxe1JvvIRmi8hUsrMvdOwgS1o6uBHmiz91geQ0ylPP0aj1VUA==

"d3-transition@2 - 3", d3-transition@3:
  version "3.0.1"
  resolved "https://registry.yarnpkg.com/d3-transition/-/d3-transition-3.0.1.tgz#6869fdde1448868077fdd5989200cb61b2a1645f"
  integrity sha512-ApKvfjsSR6tg06xrL434C0WydLr7JewBB3V+/39RMHsaXTOG0zmt/OAXeng5M5LBm0ojmxJrpomQVZ1aPvBL4w==
  dependencies:
    d3-color "1 - 3"
    d3-dispatch "1 - 3"
    d3-ease "1 - 3"
    d3-interpolate "1 - 3"
    d3-timer "1 - 3"

d3-zoom@3:
  version "3.0.0"
  resolved "https://registry.yarnpkg.com/d3-zoom/-/d3-zoom-3.0.0.tgz#d13f4165c73217ffeaa54295cd6969b3e7aee8f3"
  integrity sha512-b8AmV3kfQaqWAuacbPuNbL6vahnOJflOhexLzMMNLga62+/nh0JzvJ0aO/5a5MVgUFGS7Hu1P9P03o3fJkDCyw==
  dependencies:
    d3-dispatch "1 - 3"
    d3-drag "2 - 3"
    d3-interpolate "1 - 3"
    d3-selection "2 - 3"
    d3-transition "2 - 3"

d3@^7.9.0:
  version "7.9.0"
  resolved "https://registry.yarnpkg.com/d3/-/d3-7.9.0.tgz#579e7acb3d749caf8860bd1741ae8d371070cd5d"
  integrity sha512-e1U46jVP+w7Iut8Jt8ri1YsPOvFpg46k+K8TpCb0P+zjCkjkPnV7WzfDJzMHy1LnA+wj5pLT1wjO901gLXeEhA==
  dependencies:
    d3-array "3"
    d3-axis "3"
    d3-brush "3"
    d3-chord "3"
    d3-color "3"
    d3-contour "4"
    d3-delaunay "6"
    d3-dispatch "3"
    d3-drag "3"
    d3-dsv "3"
    d3-ease "3"
    d3-fetch "3"
    d3-force "3"
    d3-format "3"
    d3-geo "3"
    d3-hierarchy "3"
    d3-interpolate "3"
    d3-path "3"
    d3-polygon "3"
    d3-quadtree "3"
    d3-random "3"
    d3-scale "4"
    d3-scale-chromatic "3"
    d3-selection "3"
    d3-shape "3"
    d3-time "3"
    d3-time-format "4"
    d3-timer "3"
    d3-transition "3"
    d3-zoom "3"

dagre-d3-es@7.0.11:
  version "7.0.11"
  resolved "https://registry.yarnpkg.com/dagre-d3-es/-/dagre-d3-es-7.0.11.tgz#2237e726c0577bfe67d1a7cfd2265b9ab2c15c40"
  integrity sha512-tvlJLyQf834SylNKax8Wkzco/1ias1OPw8DcUMDE7oUIoSEW25riQVuiu/0OWEFqT0cxHT3Pa9/D82Jr47IONw==
  dependencies:
    d3 "^7.9.0"
    lodash-es "^4.17.21"

dayjs@^1.11.10:
  version "1.11.13"
  resolved "https://registry.yarnpkg.com/dayjs/-/dayjs-1.11.13.tgz#92430b0139055c3ebb60150aa13e860a4b5a366c"
  integrity sha512-oaMBel6gjolK862uaPQOVTA7q3TZhuSvuMQAAglQDOWYO9A91IrAOUJEyKVlqJlHE0vq5p5UXxzdPfMH/x6xNg==

debug@^4.3.6:
  version "4.3.7"
  resolved "https://registry.yarnpkg.com/debug/-/debug-4.3.7.tgz#87945b4151a011d76d95a198d7111c865c360a52"
  integrity sha512-Er2nc/H7RrMXZBFCEim6TCmMk02Z8vLC2Rbi1KEBggpo0fS6l0S1nnapwmIi3yW/+GOJap1Krg4w0Hg80oCqgQ==
  dependencies:
    ms "^2.1.3"

delaunator@5:
  version "5.0.0"
  resolved "https://registry.yarnpkg.com/delaunator/-/delaunator-5.0.0.tgz#60f052b28bd91c9b4566850ebf7756efe821d81b"
  integrity sha512-AyLvtyJdbv/U1GkiS6gUUzclRoAY4Gs75qkMygJJhU75LW4DNuSF2RMzpxs9jw9Oz1BobHjTdkG3zdP55VxAqw==
  dependencies:
    robust-predicates "^3.0.0"

"dompurify@^3.0.11 <3.1.7":
  version "3.1.6"
  resolved "https://registry.yarnpkg.com/dompurify/-/dompurify-3.1.6.tgz#43c714a94c6a7b8801850f82e756685300a027e2"
  integrity sha512-cTOAhc36AalkjtBpfG6O8JimdTMWNXjiePT2xQH/ppBGi/4uIpmj8eKyIkMJErXWARyINV/sB38yf8JCLF5pbQ==

hachure-fill@^0.5.2:
  version "0.5.2"
  resolved "https://registry.yarnpkg.com/hachure-fill/-/hachure-fill-0.5.2.tgz#d19bc4cc8750a5962b47fb1300557a85fcf934cc"
  integrity sha512-3GKBOn+m2LX9iq+JC1064cSFprJY4jL1jCXTcpnfER5HYE2l/4EfWSGzkPa/ZDBmYI0ZOEj5VHV/eKnPGkHuOg==

iconv-lite@0.6:
  version "0.6.3"
  resolved "https://registry.yarnpkg.com/iconv-lite/-/iconv-lite-0.6.3.tgz#a52f80bf38da1952eb5c681790719871a1a72501"
  integrity sha512-4fCk79wshMdzMp2rH06qWrJE4iolqLhCUH+OiuIgU++RB0+94NlDL81atO7GX55uUKueo0txHNtvEyI6D7WdMw==
  dependencies:
    safer-buffer ">= 2.1.2 < 3.0.0"

"internmap@1 - 2":
  version "2.0.3"
  resolved "https://registry.yarnpkg.com/internmap/-/internmap-2.0.3.tgz#6685f23755e43c524e251d29cbc97248e3061009"
  integrity sha512-5Hh7Y1wQbvY5ooGgPbDaL5iYLAPzMTUrjMulskHLH6wnv/A+1q5rgEaiuqEjB+oxGXIVZs1FF+R/KPN3ZSQYYg==

internmap@^1.0.0:
  version "1.0.1"
  resolved "https://registry.yarnpkg.com/internmap/-/internmap-1.0.1.tgz#0017cc8a3b99605f0302f2b198d272e015e5df95"
  integrity sha512-lDB5YccMydFBtasVtxnZ3MRBHuaoE8GKsppq+EchKL2U4nK/DmEpPHNH8MZe5HkMtpSiTSOZwfN0tzYjO/lJEw==

katex@^0.16.21, katex@^0.16.9:
  version "0.16.21"
  resolved "https://registry.yarnpkg.com/katex/-/katex-0.16.21.tgz#8f63c659e931b210139691f2cc7bb35166b792a3"
  integrity sha512-XvqR7FgOHtWupfMiigNzmh+MgUVmDGU2kXZm899ZkPfcuoPuFxyHmXsgATDpFZDAXCI8tvinaVcDo8PIIJSo4A==
  dependencies:
    commander "^8.3.0"

khroma@^2.1.0:
  version "2.1.0"
  resolved "https://registry.yarnpkg.com/khroma/-/khroma-2.1.0.tgz#45f2ce94ce231a437cf5b63c2e886e6eb42bbbb1"
  integrity sha512-Ls993zuzfayK269Svk9hzpeGUKob/sIgZzyHYdjQoAdQetRKpOLj+k/QQQ/6Qi0Yz65mlROrfd+Ev+1+7dz9Kw==

kolorist@^1.8.0:
  version "1.8.0"
  resolved "https://registry.yarnpkg.com/kolorist/-/kolorist-1.8.0.tgz#edddbbbc7894bc13302cdf740af6374d4a04743c"
  integrity sha512-Y+60/zizpJ3HRH8DCss+q95yr6145JXZo46OTpFvDZWLfRCE4qChOyk1b26nMaNpfHHgxagk9dXT5OP0Tfe+dQ==

langium@3.0.0:
  version "3.0.0"
  resolved "https://registry.yarnpkg.com/langium/-/langium-3.0.0.tgz#4938294eb57c59066ef955070ac4d0c917b26026"
  integrity sha512-+Ez9EoiByeoTu/2BXmEaZ06iPNXM6thWJp02KfBO/raSMyCJ4jw7AkWWa+zBCTm0+Tw1Fj9FOxdqSskyN5nAwg==
  dependencies:
    chevrotain "~11.0.3"
    chevrotain-allstar "~0.3.0"
    vscode-languageserver "~9.0.1"
    vscode-languageserver-textdocument "~1.0.11"
    vscode-uri "~3.0.8"

layout-base@^1.0.0:
  version "1.0.2"
  resolved "https://registry.yarnpkg.com/layout-base/-/layout-base-1.0.2.tgz#1291e296883c322a9dd4c5dd82063721b53e26e2"
  integrity sha512-8h2oVEZNktL4BH2JCOI90iD1yXwL6iNW7KcCKT2QZgQJR2vbqDsldCTPRU9NifTCqHZci57XvQQ15YTu+sTYPg==

layout-base@^2.0.0:
  version "2.0.1"
  resolved "https://registry.yarnpkg.com/layout-base/-/layout-base-2.0.1.tgz#d0337913586c90f9c2c075292069f5c2da5dd285"
  integrity sha512-dp3s92+uNI1hWIpPGH3jK2kxE2lMjdXdr+DH8ynZHpd6PUlH6x6cbuXnoMmiNumznqaNO31xu9e79F0uuZ0JFg==

local-pkg@^0.5.0:
  version "0.5.0"
  resolved "https://registry.yarnpkg.com/local-pkg/-/local-pkg-0.5.0.tgz#093d25a346bae59a99f80e75f6e9d36d7e8c925c"
  integrity sha512-ok6z3qlYyCDS4ZEU27HaU6x/xZa9Whf8jD4ptH5UZTQYZVYeb9bnZ3ojVhiJNLiXK1Hfc0GNbLXcmZ5plLDDBg==
  dependencies:
    mlly "^1.4.2"
    pkg-types "^1.0.3"

lodash-es@4.17.21, lodash-es@^4.17.21:
  version "4.17.21"
  resolved "https://registry.yarnpkg.com/lodash-es/-/lodash-es-4.17.21.tgz#43e626c46e6591b7750beb2b50117390c609e3ee"
  integrity sha512-mKnC+QJ9pWVzv+C4/U3rRsHapFfHvQFoFB92e52xeyGMcX6/OlIl78je1u8vePzYZSkkogMPJ2yjxxsb89cxyw==

marked@^13.0.2:
  version "13.0.3"
  resolved "https://registry.yarnpkg.com/marked/-/marked-13.0.3.tgz#5c5b4a5d0198060c7c9bc6ef9420a7fed30f822d"
  integrity sha512-rqRix3/TWzE9rIoFGIn8JmsVfhiuC8VIQ8IdX5TfzmeBucdY05/0UlzKaw0eVtpcN/OdVFpBk7CjKGo9iHJ/zA==

mermaid@^11.1.0:
  version "11.4.0"
  resolved "https://registry.yarnpkg.com/mermaid/-/mermaid-11.4.0.tgz#e510f45700ed4b31e1dc327b3a405ad9f6907ca3"
  integrity sha512-mxCfEYvADJqOiHfGpJXLs4/fAjHz448rH0pfY5fAoxiz70rQiDSzUUy4dNET2T08i46IVpjohPd6WWbzmRHiPA==
  dependencies:
    "@braintree/sanitize-url" "^7.0.1"
    "@iconify/utils" "^2.1.32"
    "@mermaid-js/parser" "^0.3.0"
    "@types/d3" "^7.4.3"
    "@types/dompurify" "^3.0.5"
    cytoscape "^3.29.2"
    cytoscape-cose-bilkent "^4.1.0"
    cytoscape-fcose "^2.2.0"
    d3 "^7.9.0"
    d3-sankey "^0.12.3"
    dagre-d3-es "7.0.11"
    dayjs "^1.11.10"
    dompurify "^3.0.11 <3.1.7"
    katex "^0.16.9"
    khroma "^2.1.0"
    lodash-es "^4.17.21"
    marked "^13.0.2"
    roughjs "^4.6.6"
    stylis "^4.3.1"
    ts-dedent "^2.2.0"
    uuid "^9.0.1"

mlly@^1.4.2, mlly@^1.7.1, mlly@^1.7.2:
  version "1.7.2"
  resolved "https://registry.yarnpkg.com/mlly/-/mlly-1.7.2.tgz#21c0d04543207495b8d867eff0ac29fac9a023c0"
  integrity sha512-tN3dvVHYVz4DhSXinXIk7u9syPYaJvio118uomkovAtWBT+RdbP6Lfh/5Lvo519YMmwBafwlh20IPTXIStscpA==
  dependencies:
    acorn "^8.12.1"
    pathe "^1.1.2"
    pkg-types "^1.2.0"
    ufo "^1.5.4"

mousetrap@^1.6.5:
  version "1.6.5"
  resolved "https://registry.yarnpkg.com/mousetrap/-/mousetrap-1.6.5.tgz#8a766d8c272b08393d5f56074e0b5ec183485bf9"
  integrity sha512-QNo4kEepaIBwiT8CDhP98umTetp+JNfQYBWvC1pc6/OAibuXtRcxZ58Qz8skvEHYvURne/7R8T5VoOI7rDsEUA==

ms@^2.1.3:
  version "2.1.3"
  resolved "https://registry.yarnpkg.com/ms/-/ms-2.1.3.tgz#574c8138ce1d2b5861f0b44579dbadd60c6615b2"
  integrity sha512-6FlzubTLZG3J2a/NVCAleEhjzq5oxgHyaCU9yYXvcLsvoVaHJq/s5xXI6/XXP6tz7R9xAOtHnSO/tXtF3WRTlA==

package-manager-detector@^0.2.0:
  version "0.2.2"
  resolved "https://registry.yarnpkg.com/package-manager-detector/-/package-manager-detector-0.2.2.tgz#fbbc8afe87cdaee471ca9b89c3700236c6d2d9e5"
  integrity sha512-VgXbyrSNsml4eHWIvxxG/nTL4wgybMTXCV2Un/+yEc3aDKKU6nQBZjbeP3Pl3qm9Qg92X/1ng4ffvCeD/zwHgg==

path-data-parser@0.1.0, path-data-parser@^0.1.0:
  version "0.1.0"
  resolved "https://registry.yarnpkg.com/path-data-parser/-/path-data-parser-0.1.0.tgz#8f5ba5cc70fc7becb3dcefaea08e2659aba60b8c"
  integrity sha512-NOnmBpt5Y2RWbuv0LMzsayp3lVylAHLPUTut412ZA3l+C4uw4ZVkQbjShYCQ8TCpUMdPapr4YjUqLYD6v68j+w==

pathe@^1.1.2:
  version "1.1.2"
  resolved "https://registry.yarnpkg.com/pathe/-/pathe-1.1.2.tgz#6c4cb47a945692e48a1ddd6e4094d170516437ec"
  integrity sha512-whLdWMYL2TwI08hn8/ZqAbrVemu0LNaNNJZX73O6qaIdCTfXutsLhMkjdENX0qhsQ9uIimo4/aQOmXkoon2nDQ==

pkg-types@^1.0.3, pkg-types@^1.2.0:
  version "1.2.1"
  resolved "https://registry.yarnpkg.com/pkg-types/-/pkg-types-1.2.1.tgz#6ac4e455a5bb4b9a6185c1c79abd544c901db2e5"
  integrity sha512-sQoqa8alT3nHjGuTjuKgOnvjo4cljkufdtLMnO2LBP/wRwuDlo1tkaEdMxCRhyGRPacv/ztlZgDPm2b7FAmEvw==
  dependencies:
    confbox "^0.1.8"
    mlly "^1.7.2"
    pathe "^1.1.2"

points-on-curve@0.2.0, points-on-curve@^0.2.0:
  version "0.2.0"
  resolved "https://registry.yarnpkg.com/points-on-curve/-/points-on-curve-0.2.0.tgz#7dbb98c43791859434284761330fa893cb81b4d1"
  integrity sha512-0mYKnYYe9ZcqMCWhUjItv/oHjvgEsfKvnUTg8sAtnHr3GVy7rGkXCb6d5cSyqrWqL4k81b9CPg3urd+T7aop3A==

points-on-path@^0.2.1:
  version "0.2.1"
  resolved "https://registry.yarnpkg.com/points-on-path/-/points-on-path-0.2.1.tgz#553202b5424c53bed37135b318858eacff85dd52"
  integrity sha512-25ClnWWuw7JbWZcgqY/gJ4FQWadKxGWk+3kR/7kD0tCaDtPPMj7oHu2ToLaVhfpnHrZzYby2w6tUA0eOIuUg8g==
  dependencies:
    path-data-parser "0.1.0"
    points-on-curve "0.2.0"

robust-predicates@^3.0.0:
  version "3.0.1"
  resolved "https://registry.yarnpkg.com/robust-predicates/-/robust-predicates-3.0.1.tgz#ecde075044f7f30118682bd9fb3f123109577f9a"
  integrity sha512-ndEIpszUHiG4HtDsQLeIuMvRsDnn8c8rYStabochtUeCvfuvNptb5TUbVD68LRAILPX7p9nqQGh4xJgn3EHS/g==

roughjs@^4.6.6:
  version "4.6.6"
  resolved "https://registry.yarnpkg.com/roughjs/-/roughjs-4.6.6.tgz#1059f49a5e0c80dee541a005b20cc322b222158b"
  integrity sha512-ZUz/69+SYpFN/g/lUlo2FXcIjRkSu3nDarreVdGGndHEBJ6cXPdKguS8JGxwj5HA5xIbVKSmLgr5b3AWxtRfvQ==
  dependencies:
    hachure-fill "^0.5.2"
    path-data-parser "^0.1.0"
    points-on-curve "^0.2.0"
    points-on-path "^0.2.1"

rw@1:
  version "1.3.3"
  resolved "https://registry.yarnpkg.com/rw/-/rw-1.3.3.tgz#3f862dfa91ab766b14885ef4d01124bfda074fb4"
  integrity sha512-PdhdWy89SiZogBLaw42zdeqtRJ//zFd2PgQavcICDUgJT5oW10QCRKbJ6bg4r0/UY2M6BWd5tkxuGFRvCkgfHQ==

"safer-buffer@>= 2.1.2 < 3.0.0":
  version "2.1.2"
  resolved "https://registry.yarnpkg.com/safer-buffer/-/safer-buffer-2.1.2.tgz#44fa161b0187b9549dd84bb91802f9bd8385cd6a"
  integrity sha512-YZo3K82SD7Riyi0E1EQPojLz7kpepnSQI9IyPbHHg1XXXevb5dJI7tpyN2ADxGcQbHG7vcyRHk0cbwqcQriUtg==

stylis@^4.3.1:
  version "4.3.4"
  resolved "https://registry.yarnpkg.com/stylis/-/stylis-4.3.4.tgz#ca5c6c4a35c4784e4e93a2a24dc4e9fa075250a4"
  integrity sha512-osIBl6BGUmSfDkyH2mB7EFvCJntXDrLhKjHTRj/rK6xLH0yuPrHULDRQzKokSOD4VoorhtKpfcfW1GAntu8now==

tinyexec@^0.3.0:
  version "0.3.1"
  resolved "https://registry.yarnpkg.com/tinyexec/-/tinyexec-0.3.1.tgz#0ab0daf93b43e2c211212396bdb836b468c97c98"
  integrity sha512-WiCJLEECkO18gwqIp6+hJg0//p23HXp4S+gGtAKu3mI2F2/sXC4FvHvXvB0zJVVaTPhx1/tOwdbRsa1sOBIKqQ==

ts-dedent@^2.2.0:
  version "2.2.0"
  resolved "https://registry.yarnpkg.com/ts-dedent/-/ts-dedent-2.2.0.tgz#39e4bd297cd036292ae2394eb3412be63f563bb5"
  integrity sha512-q5W7tVM71e2xjHZTlgfTDoPF/SmqKG5hddq9SzR49CH2hayqRKJtQ4mtRlSxKaJlR/+9rEM+mnBHf7I2/BQcpQ==

ufo@^1.5.4:
  version "1.5.4"
  resolved "https://registry.yarnpkg.com/ufo/-/ufo-1.5.4.tgz#16d6949674ca0c9e0fbbae1fa20a71d7b1ded754"
  integrity sha512-UsUk3byDzKd04EyoZ7U4DOlxQaD14JUKQl6/P7wiX4FNvUfm3XL246n9W5AmqwW5RSFJ27NAuM0iLscAOYUiGQ==

uuid@^9.0.1:
  version "9.0.1"
  resolved "https://registry.yarnpkg.com/uuid/-/uuid-9.0.1.tgz#e188d4c8853cc722220392c424cd637f32293f30"
  integrity sha512-b+1eJOlsR9K8HJpow9Ok3fiWOWSIcIzXodvv0rQjVoOVNpWMpxf1wZNpt4y9h10odCNrqnYp1OBzRktckBe3sA==

vscode-jsonrpc@8.2.0:
  version "8.2.0"
  resolved "https://registry.yarnpkg.com/vscode-jsonrpc/-/vscode-jsonrpc-8.2.0.tgz#f43dfa35fb51e763d17cd94dcca0c9458f35abf9"
  integrity sha512-C+r0eKJUIfiDIfwJhria30+TYWPtuHJXHtI7J0YlOmKAo7ogxP20T0zxB7HZQIFhIyvoBPwWskjxrvAtfjyZfA==

vscode-languageserver-protocol@3.17.5:
  version "3.17.5"
  resolved "https://registry.yarnpkg.com/vscode-languageserver-protocol/-/vscode-languageserver-protocol-3.17.5.tgz#864a8b8f390835572f4e13bd9f8313d0e3ac4bea"
  integrity sha512-mb1bvRJN8SVznADSGWM9u/b07H7Ecg0I3OgXDuLdn307rl/J3A9YD6/eYOssqhecL27hK1IPZAsaqh00i/Jljg==
  dependencies:
    vscode-jsonrpc "8.2.0"
    vscode-languageserver-types "3.17.5"

vscode-languageserver-textdocument@~1.0.11:
  version "1.0.12"
  resolved "https://registry.yarnpkg.com/vscode-languageserver-textdocument/-/vscode-languageserver-textdocument-1.0.12.tgz#457ee04271ab38998a093c68c2342f53f6e4a631"
  integrity sha512-cxWNPesCnQCcMPeenjKKsOCKQZ/L6Tv19DTRIGuLWe32lyzWhihGVJ/rcckZXJxfdKCFvRLS3fpBIsV/ZGX4zA==

vscode-languageserver-types@3.17.5:
  version "3.17.5"
  resolved "https://registry.yarnpkg.com/vscode-languageserver-types/-/vscode-languageserver-types-3.17.5.tgz#3273676f0cf2eab40b3f44d085acbb7f08a39d8a"
  integrity sha512-Ld1VelNuX9pdF39h2Hgaeb5hEZM2Z3jUrrMgWQAu82jMtZp7p3vJT3BzToKtZI7NgQssZje5o0zryOrhQvzQAg==

vscode-languageserver@~9.0.1:
  version "9.0.1"
  resolved "https://registry.yarnpkg.com/vscode-languageserver/-/vscode-languageserver-9.0.1.tgz#500aef82097eb94df90d008678b0b6b5f474015b"
  integrity sha512-woByF3PDpkHFUreUa7Hos7+pUWdeWMXRd26+ZX2A8cFx6v/JPTtd4/uN0/jB6XQHYaOlHbio03NTHCqrgG5n7g==
  dependencies:
    vscode-languageserver-protocol "3.17.5"

vscode-uri@~3.0.8:
  version "3.0.8"
  resolved "https://registry.yarnpkg.com/vscode-uri/-/vscode-uri-3.0.8.tgz#1770938d3e72588659a172d0fd4642780083ff9f"
  integrity sha512-AyFQ0EVmsOZOlAnxoFOGOq1SQDWAB7C6aqMGS23svWAllfOaxbuFvcT8D1i8z3Gyn8fraVeZNNmN6e9bxxXkKw==
